{
  "name": "sample-basic",
  "version": "1.0.0",
  "lockfileVersion": 1,
  "requires": true,
  "dependencies": {
    "@types/bootstrap": {
      "version": "3.3.39",
      "resolved": "https://registry.npmjs.org/@types/bootstrap/-/bootstrap-3.3.39.tgz",
      "integrity": "sha512-UGvzSQFkv0Oh2vjj30AfZructi7XvY0aRa1Y/vrgFq+tfrTMxtqQ9+s5liCYLJnrISc9LinEtOY5N8Ibrhj2Tg==",
      "requires": {
        "@types/jquery": "3.3.1"
      }
    },
    "@types/jquery": {
      "version": "3.3.1",
      "resolved": "https://registry.npmjs.org/@types/jquery/-/jquery-3.3.1.tgz",
      "integrity": "sha512-N3h+rzN518yl2xKrW0o6KKdNmWZ+OwG6SoM5TBEQFF0tTv5wXPEsoOuYQ2Kt3/89XbcSZUJLdjiT/2c3BR/ApQ=="
    },
    "bobflux": {
      "version": "9.0.1",
      "resolved": "https://registry.npmjs.org/bobflux/-/bobflux-9.0.1.tgz",
      "integrity": "sha1-iDXWZzVxS73Doo3BirT902ywnO0=",
      "dev": true,
      "requires": {
        "bobril": "7.6.2",
        "fun-model": "6.3.0"
      }
    },
    "bobril": {
      "version": "7.6.2",
      "resolved": "https://registry.npmjs.org/bobril/-/bobril-7.6.2.tgz",
      "integrity": "sha1-hr/hi00r59DCXtTeuXU4ZsUU56I="
    },
    "bobrilstrap": {
      "version": "3.0.0",
      "resolved": "https://registry.npmjs.org/bobrilstrap/-/bobrilstrap-3.0.0.tgz",
      "integrity": "sha512-y5LUc8bVvkcvAa0PY52uWB0N1zbcbNM2VuN3HJpgT7WXt8m7OC3r/bZJPhUjlqo7N1scOKJJbW3M20trjrrTag==",
      "requires": {
        "@types/bootstrap": "3.3.39",
        "@types/jquery": "3.3.1",
        "bobril": "8.4.2",
        "bootstrap": "3.3.7",
        "bootstrap-3-typeahead": "4.0.2",
        "jquery": "3.3.1"
      },
      "dependencies": {
        "bobril": {
          "version": "8.4.2",
          "resolved": "https://registry.npmjs.org/bobril/-/bobril-8.4.2.tgz",
          "integrity": "sha512-8NjnAZy2GeMmcpb6WWEuaKUUdsJ6CQQpWt1PyOzlo4Ck8kW3JpsJOQCrwz+gNZHDxCnnPrxbLhlBdzI9nhxcIw=="
        }
      }
    },
    "bobx": {
      "version": "0.11.0",
      "resolved": "https://registry.npmjs.org/bobx/-/bobx-0.11.0.tgz",
      "integrity": "sha1-LRe+2CtfqzPOx6vxpaS1YbmyeqE=",
      "requires": {
        "bobril": "7.6.2"
      }
    },
    "bootstrap": {
      "version": "3.3.7",
      "resolved": "https://registry.npmjs.org/bootstrap/-/bootstrap-3.3.7.tgz",
      "integrity": "sha1-WjiTlFSfIzMIdaOxUGVldPip63E="
    },
    "bootstrap-3-typeahead": {
      "version": "4.0.2",
      "resolved": "https://registry.npmjs.org/bootstrap-3-typeahead/-/bootstrap-3-typeahead-4.0.2.tgz",
      "integrity": "sha1-yxyWkESFaGIJb8jHHMIbOsu1BBI="
    },
    "es6": {
      "version": "0.0.7",
      "resolved": "https://registry.npmjs.org/es6/-/es6-0.0.7.tgz",
      "integrity": "sha1-OyhRr+6mDbFs9WnVYGbaoPOXRnY="
    },
    "fun-model": {
      "version": "6.3.0",
      "resolved": "https://registry.npmjs.org/fun-model/-/fun-model-6.3.0.tgz",
      "integrity": "sha1-bBMdtrrfwf3KWoOpjAFMUFhePBU=",
      "dev": true
    },
    "jquery": {
      "version": "3.3.1",
      "resolved": "https://registry.npmjs.org/jquery/-/jquery-3.3.1.tgz",
      "integrity": "sha512-Ubldcmxp5np52/ENotGxlLe6aGMvmF4R8S6tZjsP6Knsaxd/xp3Zrh50cG93lR6nPXyUFwzN3ZSOQI0wRJNdGg=="
    },
    "pure-upload": {
      "version": "4.2.1",
      "resolved": "https://registry.npmjs.org/pure-upload/-/pure-upload-4.2.1.tgz",
      "integrity": "sha1-6A61wWdyvdjkbRzGzekNQxA3yZs="
    }
  }
}
